// !$*UTF8*$!
{
	archiveVersion = 1;
	classes = {
	};
	objectVersion = 50;
	objects = {

/* Begin PBXBuildFile section */
		840820422520B4D7001E434C /* WorkoutViewModel.swift in Sources */ = {isa = PBXBuildFile; fileRef = 840820412520B4D7001E434C /* WorkoutViewModel.swift */; };
		840820482520B85B001E434C /* TaskCheckView.swift in Sources */ = {isa = PBXBuildFile; fileRef = 840820472520B85B001E434C /* TaskCheckView.swift */; };
		848393DA251F60110063125D /* AppDelegate.swift in Sources */ = {isa = PBXBuildFile; fileRef = 848393D9251F60110063125D /* AppDelegate.swift */; };
		848393DC251F60110063125D /* SceneDelegate.swift in Sources */ = {isa = PBXBuildFile; fileRef = 848393DB251F60110063125D /* SceneDelegate.swift */; };
		848393DE251F60110063125D /* ContentView.swift in Sources */ = {isa = PBXBuildFile; fileRef = 848393DD251F60110063125D /* ContentView.swift */; };
		848393E0251F60120063125D /* Assets.xcassets in Resources */ = {isa = PBXBuildFile; fileRef = 848393DF251F60120063125D /* Assets.xcassets */; };
		848393E3251F60120063125D /* Preview Assets.xcassets in Resources */ = {isa = PBXBuildFile; fileRef = 848393E2251F60120063125D /* Preview Assets.xcassets */; };
		848393E6251F60120063125D /* LaunchScreen.storyboard in Resources */ = {isa = PBXBuildFile; fileRef = 848393E4251F60120063125D /* LaunchScreen.storyboard */; };
		848393F1251F62000063125D /* iCloudFileManager.swift in Sources */ = {isa = PBXBuildFile; fileRef = 848393F0251F62000063125D /* iCloudFileManager.swift */; };
		848393FC251F64C40063125D /* Interface.storyboard in Resources */ = {isa = PBXBuildFile; fileRef = 848393FA251F64C40063125D /* Interface.storyboard */; };
		848393FE251F64C70063125D /* Assets.xcassets in Resources */ = {isa = PBXBuildFile; fileRef = 848393FD251F64C70063125D /* Assets.xcassets */; };
		84839405251F64C70063125D /* TelemetryRecorderWatch Extension.appex in Embed App Extensions */ = {isa = PBXBuildFile; fileRef = 84839404251F64C70063125D /* TelemetryRecorderWatch Extension.appex */; settings = {ATTRIBUTES = (RemoveHeadersOnCopy, ); }; };
		8483940A251F64C70063125D /* HostingController.swift in Sources */ = {isa = PBXBuildFile; fileRef = 84839409251F64C70063125D /* HostingController.swift */; };
		8483940C251F64C70063125D /* ContentView.swift in Sources */ = {isa = PBXBuildFile; fileRef = 8483940B251F64C70063125D /* ContentView.swift */; };
		8483940E251F64C70063125D /* ExtensionDelegate.swift in Sources */ = {isa = PBXBuildFile; fileRef = 8483940D251F64C70063125D /* ExtensionDelegate.swift */; };
		84839410251F64C70063125D /* ComplicationController.swift in Sources */ = {isa = PBXBuildFile; fileRef = 8483940F251F64C70063125D /* ComplicationController.swift */; };
		84839412251F64CA0063125D /* Assets.xcassets in Resources */ = {isa = PBXBuildFile; fileRef = 84839411251F64CA0063125D /* Assets.xcassets */; };
		84839415251F64CA0063125D /* Preview Assets.xcassets in Resources */ = {isa = PBXBuildFile; fileRef = 84839414251F64CA0063125D /* Preview Assets.xcassets */; };
		84839419251F64CA0063125D /* TelemetryRecorderWatch.app in Embed Watch Content */ = {isa = PBXBuildFile; fileRef = 848393F8251F64C40063125D /* TelemetryRecorderWatch.app */; settings = {ATTRIBUTES = (RemoveHeadersOnCopy, ); }; };
		84839429251F654F0063125D /* WorkoutManager.swift in Sources */ = {isa = PBXBuildFile; fileRef = 84839428251F654F0063125D /* WorkoutManager.swift */; };
		84839431251F655A0063125D /* WorkoutInformation.swift in Sources */ = {isa = PBXBuildFile; fileRef = 84839430251F655A0063125D /* WorkoutInformation.swift */; };
		84839436251F65630063125D /* WorkoutChoices.swift in Sources */ = {isa = PBXBuildFile; fileRef = 84839435251F65630063125D /* WorkoutChoices.swift */; };
		8483943B251F65710063125D /* Exercise-enums.swift in Sources */ = {isa = PBXBuildFile; fileRef = 8483943A251F65710063125D /* Exercise-enums.swift */; };
		84839440251F65780063125D /* TelemetryDataManager.swift in Sources */ = {isa = PBXBuildFile; fileRef = 8483943F251F65780063125D /* TelemetryDataManager.swift */; };
		84839445251F65C00063125D /* WorkoutListView.swift in Sources */ = {isa = PBXBuildFile; fileRef = 84839444251F65C00063125D /* WorkoutListView.swift */; };
		8483944A251F65C90063125D /* WorkoutDurationSelectionView.swift in Sources */ = {isa = PBXBuildFile; fileRef = 84839449251F65C90063125D /* WorkoutDurationSelectionView.swift */; };
		8483944F251F65DE0063125D /* StartView.swift in Sources */ = {isa = PBXBuildFile; fileRef = 8483944E251F65DE0063125D /* StartView.swift */; };
		84839454251F65EA0063125D /* WorkoutView.swift in Sources */ = {isa = PBXBuildFile; fileRef = 84839453251F65EA0063125D /* WorkoutView.swift */; };
		84839459251F65F40063125D /* PostWorkoutView.swift in Sources */ = {isa = PBXBuildFile; fileRef = 84839458251F65F40063125D /* PostWorkoutView.swift */; };
		84DB7698251F9C980090CBBF /* PostWorkoutViewModel.swift in Sources */ = {isa = PBXBuildFile; fileRef = 84DB7697251F9C980090CBBF /* PostWorkoutViewModel.swift */; };
		84DB769D251F9CF70090CBBF /* WatchConnectivityManager.swift in Sources */ = {isa = PBXBuildFile; fileRef = 84DB769C251F9CF70090CBBF /* WatchConnectivityManager.swift */; };
		84FA5EDA251F959C00265275 /* GeneralFunctions.swift in Sources */ = {isa = PBXBuildFile; fileRef = 84FA5ED9251F959C00265275 /* GeneralFunctions.swift */; };
		84FA5EDB251F959C00265275 /* GeneralFunctions.swift in Sources */ = {isa = PBXBuildFile; fileRef = 84FA5ED9251F959C00265275 /* GeneralFunctions.swift */; };
/* End PBXBuildFile section */

/* Begin PBXContainerItemProxy section */
		84839406251F64C70063125D /* PBXContainerItemProxy */ = {
			isa = PBXContainerItemProxy;
			containerPortal = 848393CE251F60110063125D /* Project object */;
			proxyType = 1;
			remoteGlobalIDString = 84839403251F64C70063125D;
			remoteInfo = "TelemetryRecorderWatch Extension";
		};
		84839417251F64CA0063125D /* PBXContainerItemProxy */ = {
			isa = PBXContainerItemProxy;
			containerPortal = 848393CE251F60110063125D /* Project object */;
			proxyType = 1;
			remoteGlobalIDString = 848393F7251F64C40063125D;
			remoteInfo = TelemetryRecorderWatch;
		};
/* End PBXContainerItemProxy section */

/* Begin PBXCopyFilesBuildPhase section */
		8483941D251F64CA0063125D /* Embed App Extensions */ = {
			isa = PBXCopyFilesBuildPhase;
			buildActionMask = 2147483647;
			dstPath = "";
			dstSubfolderSpec = 13;
			files = (
				84839405251F64C70063125D /* TelemetryRecorderWatch Extension.appex in Embed App Extensions */,
			);
			name = "Embed App Extensions";
			runOnlyForDeploymentPostprocessing = 0;
		};
		84839421251F64CA0063125D /* Embed Watch Content */ = {
			isa = PBXCopyFilesBuildPhase;
			buildActionMask = 2147483647;
			dstPath = "$(CONTENTS_FOLDER_PATH)/Watch";
			dstSubfolderSpec = 16;
			files = (
				84839419251F64CA0063125D /* TelemetryRecorderWatch.app in Embed Watch Content */,
			);
			name = "Embed Watch Content";
			runOnlyForDeploymentPostprocessing = 0;
		};
/* End PBXCopyFilesBuildPhase section */

/* Begin PBXFileReference section */
		840820412520B4D7001E434C /* WorkoutViewModel.swift */ = {isa = PBXFileReference; lastKnownFileType = sourcecode.swift; path = WorkoutViewModel.swift; sourceTree = "<group>"; };
		840820472520B85B001E434C /* TaskCheckView.swift */ = {isa = PBXFileReference; lastKnownFileType = sourcecode.swift; path = TaskCheckView.swift; sourceTree = "<group>"; };
		848393D6251F60110063125D /* TelemetryRecorder.app */ = {isa = PBXFileReference; explicitFileType = wrapper.application; includeInIndex = 0; path = TelemetryRecorder.app; sourceTree = BUILT_PRODUCTS_DIR; };
		848393D9251F60110063125D /* AppDelegate.swift */ = {isa = PBXFileReference; lastKnownFileType = sourcecode.swift; path = AppDelegate.swift; sourceTree = "<group>"; };
		848393DB251F60110063125D /* SceneDelegate.swift */ = {isa = PBXFileReference; lastKnownFileType = sourcecode.swift; path = SceneDelegate.swift; sourceTree = "<group>"; };
		848393DD251F60110063125D /* ContentView.swift */ = {isa = PBXFileReference; lastKnownFileType = sourcecode.swift; path = ContentView.swift; sourceTree = "<group>"; };
		848393DF251F60120063125D /* Assets.xcassets */ = {isa = PBXFileReference; lastKnownFileType = folder.assetcatalog; path = Assets.xcassets; sourceTree = "<group>"; };
		848393E2251F60120063125D /* Preview Assets.xcassets */ = {isa = PBXFileReference; lastKnownFileType = folder.assetcatalog; path = "Preview Assets.xcassets"; sourceTree = "<group>"; };
		848393E5251F60120063125D /* Base */ = {isa = PBXFileReference; lastKnownFileType = file.storyboard; name = Base; path = Base.lproj/LaunchScreen.storyboard; sourceTree = "<group>"; };
		848393E7251F60120063125D /* Info.plist */ = {isa = PBXFileReference; lastKnownFileType = text.plist.xml; path = Info.plist; sourceTree = "<group>"; };
		848393EE251F61860063125D /* TelemetryRecorder.entitlements */ = {isa = PBXFileReference; lastKnownFileType = text.plist.entitlements; path = TelemetryRecorder.entitlements; sourceTree = "<group>"; };
		848393F0251F62000063125D /* iCloudFileManager.swift */ = {isa = PBXFileReference; lastKnownFileType = sourcecode.swift; path = iCloudFileManager.swift; sourceTree = "<group>"; };
		848393F8251F64C40063125D /* TelemetryRecorderWatch.app */ = {isa = PBXFileReference; explicitFileType = wrapper.application; includeInIndex = 0; path = TelemetryRecorderWatch.app; sourceTree = BUILT_PRODUCTS_DIR; };
		848393FB251F64C40063125D /* Base */ = {isa = PBXFileReference; lastKnownFileType = file.storyboard; name = Base; path = Base.lproj/Interface.storyboard; sourceTree = "<group>"; };
		848393FD251F64C70063125D /* Assets.xcassets */ = {isa = PBXFileReference; lastKnownFileType = folder.assetcatalog; path = Assets.xcassets; sourceTree = "<group>"; };
		848393FF251F64C70063125D /* Info.plist */ = {isa = PBXFileReference; lastKnownFileType = text.plist.xml; path = Info.plist; sourceTree = "<group>"; };
		84839404251F64C70063125D /* TelemetryRecorderWatch Extension.appex */ = {isa = PBXFileReference; explicitFileType = "wrapper.app-extension"; includeInIndex = 0; path = "TelemetryRecorderWatch Extension.appex"; sourceTree = BUILT_PRODUCTS_DIR; };
		84839409251F64C70063125D /* HostingController.swift */ = {isa = PBXFileReference; lastKnownFileType = sourcecode.swift; path = HostingController.swift; sourceTree = "<group>"; };
		8483940B251F64C70063125D /* ContentView.swift */ = {isa = PBXFileReference; lastKnownFileType = sourcecode.swift; path = ContentView.swift; sourceTree = "<group>"; };
		8483940D251F64C70063125D /* ExtensionDelegate.swift */ = {isa = PBXFileReference; lastKnownFileType = sourcecode.swift; path = ExtensionDelegate.swift; sourceTree = "<group>"; };
		8483940F251F64C70063125D /* ComplicationController.swift */ = {isa = PBXFileReference; lastKnownFileType = sourcecode.swift; path = ComplicationController.swift; sourceTree = "<group>"; };
		84839411251F64CA0063125D /* Assets.xcassets */ = {isa = PBXFileReference; lastKnownFileType = folder.assetcatalog; path = Assets.xcassets; sourceTree = "<group>"; };
		84839414251F64CA0063125D /* Preview Assets.xcassets */ = {isa = PBXFileReference; lastKnownFileType = folder.assetcatalog; path = "Preview Assets.xcassets"; sourceTree = "<group>"; };
		84839416251F64CA0063125D /* Info.plist */ = {isa = PBXFileReference; lastKnownFileType = text.plist.xml; path = Info.plist; sourceTree = "<group>"; };
		84839428251F654F0063125D /* WorkoutManager.swift */ = {isa = PBXFileReference; lastKnownFileType = sourcecode.swift; path = WorkoutManager.swift; sourceTree = "<group>"; };
		84839430251F655A0063125D /* WorkoutInformation.swift */ = {isa = PBXFileReference; lastKnownFileType = sourcecode.swift; path = WorkoutInformation.swift; sourceTree = "<group>"; };
		84839435251F65630063125D /* WorkoutChoices.swift */ = {isa = PBXFileReference; lastKnownFileType = sourcecode.swift; path = WorkoutChoices.swift; sourceTree = "<group>"; };
		8483943A251F65710063125D /* Exercise-enums.swift */ = {isa = PBXFileReference; lastKnownFileType = sourcecode.swift; path = "Exercise-enums.swift"; sourceTree = "<group>"; };
		8483943F251F65780063125D /* TelemetryDataManager.swift */ = {isa = PBXFileReference; lastKnownFileType = sourcecode.swift; path = TelemetryDataManager.swift; sourceTree = "<group>"; };
		84839444251F65C00063125D /* WorkoutListView.swift */ = {isa = PBXFileReference; lastKnownFileType = sourcecode.swift; path = WorkoutListView.swift; sourceTree = "<group>"; };
		84839449251F65C90063125D /* WorkoutDurationSelectionView.swift */ = {isa = PBXFileReference; lastKnownFileType = sourcecode.swift; path = WorkoutDurationSelectionView.swift; sourceTree = "<group>"; };
		8483944E251F65DE0063125D /* StartView.swift */ = {isa = PBXFileReference; lastKnownFileType = sourcecode.swift; path = StartView.swift; sourceTree = "<group>"; };
		84839453251F65EA0063125D /* WorkoutView.swift */ = {isa = PBXFileReference; lastKnownFileType = sourcecode.swift; path = WorkoutView.swift; sourceTree = "<group>"; };
		84839458251F65F40063125D /* PostWorkoutView.swift */ = {isa = PBXFileReference; lastKnownFileType = sourcecode.swift; path = PostWorkoutView.swift; sourceTree = "<group>"; };
		84DB7697251F9C980090CBBF /* PostWorkoutViewModel.swift */ = {isa = PBXFileReference; lastKnownFileType = sourcecode.swift; path = PostWorkoutViewModel.swift; sourceTree = "<group>"; };
		84DB769C251F9CF70090CBBF /* WatchConnectivityManager.swift */ = {isa = PBXFileReference; lastKnownFileType = sourcecode.swift; path = WatchConnectivityManager.swift; sourceTree = "<group>"; };
		84FA5ED9251F959C00265275 /* GeneralFunctions.swift */ = {isa = PBXFileReference; lastKnownFileType = sourcecode.swift; path = GeneralFunctions.swift; sourceTree = "<group>"; };
/* End PBXFileReference section */

/* Begin PBXFrameworksBuildPhase section */
		848393D3251F60110063125D /* Frameworks */ = {
			isa = PBXFrameworksBuildPhase;
			buildActionMask = 2147483647;
			files = (
			);
			runOnlyForDeploymentPostprocessing = 0;
		};
		84839401251F64C70063125D /* Frameworks */ = {
			isa = PBXFrameworksBuildPhase;
			buildActionMask = 2147483647;
			files = (
			);
			runOnlyForDeploymentPostprocessing = 0;
		};
/* End PBXFrameworksBuildPhase section */

/* Begin PBXGroup section */
		840820462520B84D001E434C /* Subviews */ = {
			isa = PBXGroup;
			children = (
				840820472520B85B001E434C /* TaskCheckView.swift */,
			);
			path = Subviews;
			sourceTree = "<group>";
		};
		848393CD251F60110063125D = {
			isa = PBXGroup;
			children = (
				848393D8251F60110063125D /* TelemetryRecorder */,
				848393F9251F64C40063125D /* TelemetryRecorderWatch */,
				84839408251F64C70063125D /* TelemetryRecorderWatch Extension */,
				848393D7251F60110063125D /* Products */,
			);
			sourceTree = "<group>";
		};
		848393D7251F60110063125D /* Products */ = {
			isa = PBXGroup;
			children = (
				848393D6251F60110063125D /* TelemetryRecorder.app */,
				848393F8251F64C40063125D /* TelemetryRecorderWatch.app */,
				84839404251F64C70063125D /* TelemetryRecorderWatch Extension.appex */,
			);
			name = Products;
			sourceTree = "<group>";
		};
		848393D8251F60110063125D /* TelemetryRecorder */ = {
			isa = PBXGroup;
			children = (
				84FA5ED8251F958A00265275 /* General */,
				848393EE251F61860063125D /* TelemetryRecorder.entitlements */,
				848393E7251F60120063125D /* Info.plist */,
				848393D9251F60110063125D /* AppDelegate.swift */,
				848393DB251F60110063125D /* SceneDelegate.swift */,
				848393DD251F60110063125D /* ContentView.swift */,
				848393DF251F60120063125D /* Assets.xcassets */,
				848393E4251F60120063125D /* LaunchScreen.storyboard */,
				848393E1251F60120063125D /* Preview Content */,
				848393F0251F62000063125D /* iCloudFileManager.swift */,
			);
			path = TelemetryRecorder;
			sourceTree = "<group>";
		};
		848393E1251F60120063125D /* Preview Content */ = {
			isa = PBXGroup;
			children = (
				848393E2251F60120063125D /* Preview Assets.xcassets */,
			);
			path = "Preview Content";
			sourceTree = "<group>";
		};
		848393F9251F64C40063125D /* TelemetryRecorderWatch */ = {
			isa = PBXGroup;
			children = (
				848393FA251F64C40063125D /* Interface.storyboard */,
				848393FD251F64C70063125D /* Assets.xcassets */,
				848393FF251F64C70063125D /* Info.plist */,
			);
			path = TelemetryRecorderWatch;
			sourceTree = "<group>";
		};
		84839408251F64C70063125D /* TelemetryRecorderWatch Extension */ = {
			isa = PBXGroup;
			children = (
				840820462520B84D001E434C /* Subviews */,
				84839427251F65290063125D /* Views */,
				84839426251F651B0063125D /* View Models */,
				84839425251F65170063125D /* Models */,
				84839409251F64C70063125D /* HostingController.swift */,
				8483940D251F64C70063125D /* ExtensionDelegate.swift */,
				8483940F251F64C70063125D /* ComplicationController.swift */,
				84839411251F64CA0063125D /* Assets.xcassets */,
				84839416251F64CA0063125D /* Info.plist */,
				84839413251F64CA0063125D /* Preview Content */,
			);
			path = "TelemetryRecorderWatch Extension";
			sourceTree = "<group>";
		};
		84839413251F64CA0063125D /* Preview Content */ = {
			isa = PBXGroup;
			children = (
				84839414251F64CA0063125D /* Preview Assets.xcassets */,
			);
			path = "Preview Content";
			sourceTree = "<group>";
		};
		84839425251F65170063125D /* Models */ = {
			isa = PBXGroup;
			children = (
				84839428251F654F0063125D /* WorkoutManager.swift */,
				84839430251F655A0063125D /* WorkoutInformation.swift */,
				84839435251F65630063125D /* WorkoutChoices.swift */,
				8483943A251F65710063125D /* Exercise-enums.swift */,
				8483943F251F65780063125D /* TelemetryDataManager.swift */,
				84DB769C251F9CF70090CBBF /* WatchConnectivityManager.swift */,
			);
			path = Models;
			sourceTree = "<group>";
		};
		84839426251F651B0063125D /* View Models */ = {
			isa = PBXGroup;
			children = (
				84DB7697251F9C980090CBBF /* PostWorkoutViewModel.swift */,
				840820412520B4D7001E434C /* WorkoutViewModel.swift */,
			);
			path = "View Models";
			sourceTree = "<group>";
		};
		84839427251F65290063125D /* Views */ = {
			isa = PBXGroup;
			children = (
				8483940B251F64C70063125D /* ContentView.swift */,
				84839444251F65C00063125D /* WorkoutListView.swift */,
				84839449251F65C90063125D /* WorkoutDurationSelectionView.swift */,
				8483944E251F65DE0063125D /* StartView.swift */,
				84839453251F65EA0063125D /* WorkoutView.swift */,
				84839458251F65F40063125D /* PostWorkoutView.swift */,
			);
			path = Views;
			sourceTree = "<group>";
		};
		84FA5ED8251F958A00265275 /* General */ = {
			isa = PBXGroup;
			children = (
				84FA5ED9251F959C00265275 /* GeneralFunctions.swift */,
			);
			path = General;
			sourceTree = "<group>";
		};
/* End PBXGroup section */

/* Begin PBXNativeTarget section */
		848393D5251F60110063125D /* TelemetryRecorder */ = {
			isa = PBXNativeTarget;
			buildConfigurationList = 848393EA251F60120063125D /* Build configuration list for PBXNativeTarget "TelemetryRecorder" */;
			buildPhases = (
				848393D2251F60110063125D /* Sources */,
				848393D3251F60110063125D /* Frameworks */,
				848393D4251F60110063125D /* Resources */,
				848393F3251F631D0063125D /* Increment Build */,
				84839421251F64CA0063125D /* Embed Watch Content */,
			);
			buildRules = (
			);
			dependencies = (
				84839418251F64CA0063125D /* PBXTargetDependency */,
			);
			name = TelemetryRecorder;
			productName = TelemetryRecorder;
			productReference = 848393D6251F60110063125D /* TelemetryRecorder.app */;
			productType = "com.apple.product-type.application";
		};
		848393F7251F64C40063125D /* TelemetryRecorderWatch */ = {
			isa = PBXNativeTarget;
			buildConfigurationList = 8483941E251F64CA0063125D /* Build configuration list for PBXNativeTarget "TelemetryRecorderWatch" */;
			buildPhases = (
				848393F6251F64C40063125D /* Resources */,
				8483941D251F64CA0063125D /* Embed App Extensions */,
				843846FC251FADF300D88607 /* Increment Build */,
			);
			buildRules = (
			);
			dependencies = (
				84839407251F64C70063125D /* PBXTargetDependency */,
			);
			name = TelemetryRecorderWatch;
			productName = TelemetryRecorderWatch;
			productReference = 848393F8251F64C40063125D /* TelemetryRecorderWatch.app */;
			productType = "com.apple.product-type.application.watchapp2";
		};
		84839403251F64C70063125D /* TelemetryRecorderWatch Extension */ = {
			isa = PBXNativeTarget;
			buildConfigurationList = 8483941A251F64CA0063125D /* Build configuration list for PBXNativeTarget "TelemetryRecorderWatch Extension" */;
			buildPhases = (
				84839400251F64C70063125D /* Sources */,
				84839401251F64C70063125D /* Frameworks */,
				84839402251F64C70063125D /* Resources */,
				84DB7696251F9C500090CBBF /* Increment Build */,
			);
			buildRules = (
			);
			dependencies = (
			);
			name = "TelemetryRecorderWatch Extension";
			productName = "TelemetryRecorderWatch Extension";
			productReference = 84839404251F64C70063125D /* TelemetryRecorderWatch Extension.appex */;
			productType = "com.apple.product-type.watchkit2-extension";
		};
/* End PBXNativeTarget section */

/* Begin PBXProject section */
		848393CE251F60110063125D /* Project object */ = {
			isa = PBXProject;
			attributes = {
				LastSwiftUpdateCheck = 1200;
				LastUpgradeCheck = 1200;
				TargetAttributes = {
					848393D5251F60110063125D = {
						CreatedOnToolsVersion = 12.0.1;
					};
					848393F7251F64C40063125D = {
						CreatedOnToolsVersion = 12.0.1;
					};
					84839403251F64C70063125D = {
						CreatedOnToolsVersion = 12.0.1;
					};
				};
			};
			buildConfigurationList = 848393D1251F60110063125D /* Build configuration list for PBXProject "TelemetryRecorder" */;
			compatibilityVersion = "Xcode 9.3";
			developmentRegion = en;
			hasScannedForEncodings = 0;
			knownRegions = (
				en,
				Base,
			);
			mainGroup = 848393CD251F60110063125D;
			productRefGroup = 848393D7251F60110063125D /* Products */;
			projectDirPath = "";
			projectRoot = "";
			targets = (
				848393D5251F60110063125D /* TelemetryRecorder */,
				848393F7251F64C40063125D /* TelemetryRecorderWatch */,
				84839403251F64C70063125D /* TelemetryRecorderWatch Extension */,
			);
		};
/* End PBXProject section */

/* Begin PBXResourcesBuildPhase section */
		848393D4251F60110063125D /* Resources */ = {
			isa = PBXResourcesBuildPhase;
			buildActionMask = 2147483647;
			files = (
				848393E6251F60120063125D /* LaunchScreen.storyboard in Resources */,
				848393E3251F60120063125D /* Preview Assets.xcassets in Resources */,
				848393E0251F60120063125D /* Assets.xcassets in Resources */,
			);
			runOnlyForDeploymentPostprocessing = 0;
		};
		848393F6251F64C40063125D /* Resources */ = {
			isa = PBXResourcesBuildPhase;
			buildActionMask = 2147483647;
			files = (
				848393FE251F64C70063125D /* Assets.xcassets in Resources */,
				848393FC251F64C40063125D /* Interface.storyboard in Resources */,
			);
			runOnlyForDeploymentPostprocessing = 0;
		};
		84839402251F64C70063125D /* Resources */ = {
			isa = PBXResourcesBuildPhase;
			buildActionMask = 2147483647;
			files = (
				84839415251F64CA0063125D /* Preview Assets.xcassets in Resources */,
				84839412251F64CA0063125D /* Assets.xcassets in Resources */,
			);
			runOnlyForDeploymentPostprocessing = 0;
		};
/* End PBXResourcesBuildPhase section */

/* Begin PBXShellScriptBuildPhase section */
		843846FC251FADF300D88607 /* Increment Build */ = {
			isa = PBXShellScriptBuildPhase;
			buildActionMask = 2147483647;
			files = (
			);
			inputFileListPaths = (
			);
			inputPaths = (
			);
			name = "Increment Build";
			outputFileListPaths = (
			);
			outputPaths = (
			);
			runOnlyForDeploymentPostprocessing = 0;
			shellPath = /bin/sh;
			shellScript = "buildNumber=$(/usr/libexec/PlistBuddy -c \"Print CFBundleVersion\" \"${PROJECT_DIR}/${INFOPLIST_FILE}\")\nbuildNumber=$(($buildNumber + 1))\n/usr/libexec/PlistBuddy -c \"Set :CFBundleVersion $buildNumber\" \"${PROJECT_DIR}/${INFOPLIST_FILE}\"\n";
		};
		848393F3251F631D0063125D /* Increment Build */ = {
			isa = PBXShellScriptBuildPhase;
			buildActionMask = 2147483647;
			files = (
			);
			inputFileListPaths = (
			);
			inputPaths = (
			);
			name = "Increment Build";
			outputFileListPaths = (
			);
			outputPaths = (
			);
			runOnlyForDeploymentPostprocessing = 0;
			shellPath = /bin/sh;
			shellScript = "buildNumber=$(/usr/libexec/PlistBuddy -c \"Print CFBundleVersion\" \"${PROJECT_DIR}/${INFOPLIST_FILE}\")\nbuildNumber=$(($buildNumber + 1))\n/usr/libexec/PlistBuddy -c \"Set :CFBundleVersion $buildNumber\" \"${PROJECT_DIR}/${INFOPLIST_FILE}\"\n";
		};
		84DB7696251F9C500090CBBF /* Increment Build */ = {
			isa = PBXShellScriptBuildPhase;
			buildActionMask = 2147483647;
			files = (
			);
			inputFileListPaths = (
			);
			inputPaths = (
			);
			name = "Increment Build";
			outputFileListPaths = (
			);
			outputPaths = (
			);
			runOnlyForDeploymentPostprocessing = 0;
			shellPath = /bin/sh;
			shellScript = "buildNumber=$(/usr/libexec/PlistBuddy -c \"Print CFBundleVersion\" \"${PROJECT_DIR}/${INFOPLIST_FILE}\")\nbuildNumber=$(($buildNumber + 1))\n/usr/libexec/PlistBuddy -c \"Set :CFBundleVersion $buildNumber\" \"${PROJECT_DIR}/${INFOPLIST_FILE}\"\n";
		};
/* End PBXShellScriptBuildPhase section */

/* Begin PBXSourcesBuildPhase section */
		848393D2251F60110063125D /* Sources */ = {
			isa = PBXSourcesBuildPhase;
			buildActionMask = 2147483647;
			files = (
				848393DA251F60110063125D /* AppDelegate.swift in Sources */,
				84FA5EDA251F959C00265275 /* GeneralFunctions.swift in Sources */,
				848393F1251F62000063125D /* iCloudFileManager.swift in Sources */,
				848393DC251F60110063125D /* SceneDelegate.swift in Sources */,
				848393DE251F60110063125D /* ContentView.swift in Sources */,
			);
			runOnlyForDeploymentPostprocessing = 0;
		};
		84839400251F64C70063125D /* Sources */ = {
			isa = PBXSourcesBuildPhase;
			buildActionMask = 2147483647;
			files = (
				8483940C251F64C70063125D /* ContentView.swift in Sources */,
				84839410251F64C70063125D /* ComplicationController.swift in Sources */,
				84DB7698251F9C980090CBBF /* PostWorkoutViewModel.swift in Sources */,
				840820482520B85B001E434C /* TaskCheckView.swift in Sources */,
				84839454251F65EA0063125D /* WorkoutView.swift in Sources */,
				84839445251F65C00063125D /* WorkoutListView.swift in Sources */,
				8483944F251F65DE0063125D /* StartView.swift in Sources */,
				84839431251F655A0063125D /* WorkoutInformation.swift in Sources */,
				8483944A251F65C90063125D /* WorkoutDurationSelectionView.swift in Sources */,
				84839429251F654F0063125D /* WorkoutManager.swift in Sources */,
				84DB769D251F9CF70090CBBF /* WatchConnectivityManager.swift in Sources */,
				840820422520B4D7001E434C /* WorkoutViewModel.swift in Sources */,
				84839459251F65F40063125D /* PostWorkoutView.swift in Sources */,
				84839440251F65780063125D /* TelemetryDataManager.swift in Sources */,
				8483943B251F65710063125D /* Exercise-enums.swift in Sources */,
				84FA5EDB251F959C00265275 /* GeneralFunctions.swift in Sources */,
				84839436251F65630063125D /* WorkoutChoices.swift in Sources */,
				8483940A251F64C70063125D /* HostingController.swift in Sources */,
				8483940E251F64C70063125D /* ExtensionDelegate.swift in Sources */,
			);
			runOnlyForDeploymentPostprocessing = 0;
		};
/* End PBXSourcesBuildPhase section */

/* Begin PBXTargetDependency section */
		84839407251F64C70063125D /* PBXTargetDependency */ = {
			isa = PBXTargetDependency;
			target = 84839403251F64C70063125D /* TelemetryRecorderWatch Extension */;
			targetProxy = 84839406251F64C70063125D /* PBXContainerItemProxy */;
		};
		84839418251F64CA0063125D /* PBXTargetDependency */ = {
			isa = PBXTargetDependency;
			target = 848393F7251F64C40063125D /* TelemetryRecorderWatch */;
			targetProxy = 84839417251F64CA0063125D /* PBXContainerItemProxy */;
		};
/* End PBXTargetDependency section */

/* Begin PBXVariantGroup section */
		848393E4251F60120063125D /* LaunchScreen.storyboard */ = {
			isa = PBXVariantGroup;
			children = (
				848393E5251F60120063125D /* Base */,
			);
			name = LaunchScreen.storyboard;
			sourceTree = "<group>";
		};
		848393FA251F64C40063125D /* Interface.storyboard */ = {
			isa = PBXVariantGroup;
			children = (
				848393FB251F64C40063125D /* Base */,
			);
			name = Interface.storyboard;
			sourceTree = "<group>";
		};
/* End PBXVariantGroup section */

/* Begin XCBuildConfiguration section */
		848393E8251F60120063125D /* Debug */ = {
			isa = XCBuildConfiguration;
			buildSettings = {
				ALWAYS_SEARCH_USER_PATHS = NO;
				CLANG_ANALYZER_NONNULL = YES;
				CLANG_ANALYZER_NUMBER_OBJECT_CONVERSION = YES_AGGRESSIVE;
				CLANG_CXX_LANGUAGE_STANDARD = "gnu++14";
				CLANG_CXX_LIBRARY = "libc++";
				CLANG_ENABLE_MODULES = YES;
				CLANG_ENABLE_OBJC_ARC = YES;
				CLANG_ENABLE_OBJC_WEAK = YES;
				CLANG_WARN_BLOCK_CAPTURE_AUTORELEASING = YES;
				CLANG_WARN_BOOL_CONVERSION = YES;
				CLANG_WARN_COMMA = YES;
				CLANG_WARN_CONSTANT_CONVERSION = YES;
				CLANG_WARN_DEPRECATED_OBJC_IMPLEMENTATIONS = YES;
				CLANG_WARN_DIRECT_OBJC_ISA_USAGE = YES_ERROR;
				CLANG_WARN_DOCUMENTATION_COMMENTS = YES;
				CLANG_WARN_EMPTY_BODY = YES;
				CLANG_WARN_ENUM_CONVERSION = YES;
				CLANG_WARN_INFINITE_RECURSION = YES;
				CLANG_WARN_INT_CONVERSION = YES;
				CLANG_WARN_NON_LITERAL_NULL_CONVERSION = YES;
				CLANG_WARN_OBJC_IMPLICIT_RETAIN_SELF = YES;
				CLANG_WARN_OBJC_LITERAL_CONVERSION = YES;
				CLANG_WARN_OBJC_ROOT_CLASS = YES_ERROR;
				CLANG_WARN_QUOTED_INCLUDE_IN_FRAMEWORK_HEADER = YES;
				CLANG_WARN_RANGE_LOOP_ANALYSIS = YES;
				CLANG_WARN_STRICT_PROTOTYPES = YES;
				CLANG_WARN_SUSPICIOUS_MOVE = YES;
				CLANG_WARN_UNGUARDED_AVAILABILITY = YES_AGGRESSIVE;
				CLANG_WARN_UNREACHABLE_CODE = YES;
				CLANG_WARN__DUPLICATE_METHOD_MATCH = YES;
				COPY_PHASE_STRIP = NO;
				DEBUG_INFORMATION_FORMAT = dwarf;
				ENABLE_STRICT_OBJC_MSGSEND = YES;
				ENABLE_TESTABILITY = YES;
				GCC_C_LANGUAGE_STANDARD = gnu11;
				GCC_DYNAMIC_NO_PIC = NO;
				GCC_NO_COMMON_BLOCKS = YES;
				GCC_OPTIMIZATION_LEVEL = 0;
				GCC_PREPROCESSOR_DEFINITIONS = (
					"DEBUG=1",
					"$(inherited)",
				);
				GCC_WARN_64_TO_32_BIT_CONVERSION = YES;
				GCC_WARN_ABOUT_RETURN_TYPE = YES_ERROR;
				GCC_WARN_UNDECLARED_SELECTOR = YES;
				GCC_WARN_UNINITIALIZED_AUTOS = YES_AGGRESSIVE;
				GCC_WARN_UNUSED_FUNCTION = YES;
				GCC_WARN_UNUSED_VARIABLE = YES;
				IPHONEOS_DEPLOYMENT_TARGET = 14.0;
				MTL_ENABLE_DEBUG_INFO = INCLUDE_SOURCE;
				MTL_FAST_MATH = YES;
				ONLY_ACTIVE_ARCH = YES;
				SDKROOT = iphoneos;
				SWIFT_ACTIVE_COMPILATION_CONDITIONS = DEBUG;
				SWIFT_OPTIMIZATION_LEVEL = "-Onone";
			};
			name = Debug;
		};
		848393E9251F60120063125D /* Release */ = {
			isa = XCBuildConfiguration;
			buildSettings = {
				ALWAYS_SEARCH_USER_PATHS = NO;
				CLANG_ANALYZER_NONNULL = YES;
				CLANG_ANALYZER_NUMBER_OBJECT_CONVERSION = YES_AGGRESSIVE;
				CLANG_CXX_LANGUAGE_STANDARD = "gnu++14";
				CLANG_CXX_LIBRARY = "libc++";
				CLANG_ENABLE_MODULES = YES;
				CLANG_ENABLE_OBJC_ARC = YES;
				CLANG_ENABLE_OBJC_WEAK = YES;
				CLANG_WARN_BLOCK_CAPTURE_AUTORELEASING = YES;
				CLANG_WARN_BOOL_CONVERSION = YES;
				CLANG_WARN_COMMA = YES;
				CLANG_WARN_CONSTANT_CONVERSION = YES;
				CLANG_WARN_DEPRECATED_OBJC_IMPLEMENTATIONS = YES;
				CLANG_WARN_DIRECT_OBJC_ISA_USAGE = YES_ERROR;
				CLANG_WARN_DOCUMENTATION_COMMENTS = YES;
				CLANG_WARN_EMPTY_BODY = YES;
				CLANG_WARN_ENUM_CONVERSION = YES;
				CLANG_WARN_INFINITE_RECURSION = YES;
				CLANG_WARN_INT_CONVERSION = YES;
				CLANG_WARN_NON_LITERAL_NULL_CONVERSION = YES;
				CLANG_WARN_OBJC_IMPLICIT_RETAIN_SELF = YES;
				CLANG_WARN_OBJC_LITERAL_CONVERSION = YES;
				CLANG_WARN_OBJC_ROOT_CLASS = YES_ERROR;
				CLANG_WARN_QUOTED_INCLUDE_IN_FRAMEWORK_HEADER = YES;
				CLANG_WARN_RANGE_LOOP_ANALYSIS = YES;
				CLANG_WARN_STRICT_PROTOTYPES = YES;
				CLANG_WARN_SUSPICIOUS_MOVE = YES;
				CLANG_WARN_UNGUARDED_AVAILABILITY = YES_AGGRESSIVE;
				CLANG_WARN_UNREACHABLE_CODE = YES;
				CLANG_WARN__DUPLICATE_METHOD_MATCH = YES;
				COPY_PHASE_STRIP = NO;
				DEBUG_INFORMATION_FORMAT = "dwarf-with-dsym";
				ENABLE_NS_ASSERTIONS = NO;
				ENABLE_STRICT_OBJC_MSGSEND = YES;
				GCC_C_LANGUAGE_STANDARD = gnu11;
				GCC_NO_COMMON_BLOCKS = YES;
				GCC_WARN_64_TO_32_BIT_CONVERSION = YES;
				GCC_WARN_ABOUT_RETURN_TYPE = YES_ERROR;
				GCC_WARN_UNDECLARED_SELECTOR = YES;
				GCC_WARN_UNINITIALIZED_AUTOS = YES_AGGRESSIVE;
				GCC_WARN_UNUSED_FUNCTION = YES;
				GCC_WARN_UNUSED_VARIABLE = YES;
				IPHONEOS_DEPLOYMENT_TARGET = 14.0;
				MTL_ENABLE_DEBUG_INFO = NO;
				MTL_FAST_MATH = YES;
				SDKROOT = iphoneos;
				SWIFT_COMPILATION_MODE = wholemodule;
				SWIFT_OPTIMIZATION_LEVEL = "-O";
				VALIDATE_PRODUCT = YES;
			};
			name = Release;
		};
		848393EB251F60120063125D /* Debug */ = {
			isa = XCBuildConfiguration;
			buildSettings = {
				ASSETCATALOG_COMPILER_APPICON_NAME = AppIcon;
				ASSETCATALOG_COMPILER_GLOBAL_ACCENT_COLOR_NAME = AccentColor;
				CODE_SIGN_ENTITLEMENTS = TelemetryRecorder/TelemetryRecorder.entitlements;
				CODE_SIGN_STYLE = Automatic;
				DEVELOPMENT_ASSET_PATHS = "\"TelemetryRecorder/Preview Content\"";
				DEVELOPMENT_TEAM = CRMHYJ9F9F;
				ENABLE_PREVIEWS = YES;
				INFOPLIST_FILE = TelemetryRecorder/Info.plist;
				LD_RUNPATH_SEARCH_PATHS = (
					"$(inherited)",
					"@executable_path/Frameworks",
				);
				PRODUCT_BUNDLE_IDENTIFIER = com.joshuacook.TelemetryRecorder;
				PRODUCT_NAME = "$(TARGET_NAME)";
				SWIFT_VERSION = 5.0;
				TARGETED_DEVICE_FAMILY = "1,2";
			};
			name = Debug;
		};
		848393EC251F60120063125D /* Release */ = {
			isa = XCBuildConfiguration;
			buildSettings = {
				ASSETCATALOG_COMPILER_APPICON_NAME = AppIcon;
				ASSETCATALOG_COMPILER_GLOBAL_ACCENT_COLOR_NAME = AccentColor;
				CODE_SIGN_ENTITLEMENTS = TelemetryRecorder/TelemetryRecorder.entitlements;
				CODE_SIGN_STYLE = Automatic;
				DEVELOPMENT_ASSET_PATHS = "\"TelemetryRecorder/Preview Content\"";
				DEVELOPMENT_TEAM = CRMHYJ9F9F;
				ENABLE_PREVIEWS = YES;
				INFOPLIST_FILE = TelemetryRecorder/Info.plist;
				LD_RUNPATH_SEARCH_PATHS = (
					"$(inherited)",
					"@executable_path/Frameworks",
				);
				PRODUCT_BUNDLE_IDENTIFIER = com.joshuacook.TelemetryRecorder;
				PRODUCT_NAME = "$(TARGET_NAME)";
				SWIFT_VERSION = 5.0;
				TARGETED_DEVICE_FAMILY = "1,2";
			};
			name = Release;
		};
		8483941B251F64CA0063125D /* Debug */ = {
			isa = XCBuildConfiguration;
			buildSettings = {
				ASSETCATALOG_COMPILER_COMPLICATION_NAME = Complication;
				CODE_SIGN_STYLE = Automatic;
				DEVELOPMENT_ASSET_PATHS = "\"TelemetryRecorderWatch Extension/Preview Content\"";
				DEVELOPMENT_TEAM = CRMHYJ9F9F;
				ENABLE_PREVIEWS = YES;
				INFOPLIST_FILE = "TelemetryRecorderWatch Extension/Info.plist";
				LD_RUNPATH_SEARCH_PATHS = (
					"$(inherited)",
					"@executable_path/Frameworks",
					"@executable_path/../../Frameworks",
				);
				PRODUCT_BUNDLE_IDENTIFIER = com.joshuacook.TelemetryRecorder.watchkitapp.watchkitextension;
				PRODUCT_NAME = "${TARGET_NAME}";
				SDKROOT = watchos;
				SKIP_INSTALL = YES;
				SWIFT_VERSION = 5.0;
				TARGETED_DEVICE_FAMILY = 4;
				WATCHOS_DEPLOYMENT_TARGET = 6.2;
			};
			name = Debug;
		};
		8483941C251F64CA0063125D /* Release */ = {
			isa = XCBuildConfiguration;
			buildSettings = {
				ASSETCATALOG_COMPILER_COMPLICATION_NAME = Complication;
				CODE_SIGN_STYLE = Automatic;
				DEVELOPMENT_ASSET_PATHS = "\"TelemetryRecorderWatch Extension/Preview Content\"";
				DEVELOPMENT_TEAM = CRMHYJ9F9F;
				ENABLE_PREVIEWS = YES;
				INFOPLIST_FILE = "TelemetryRecorderWatch Extension/Info.plist";
				LD_RUNPATH_SEARCH_PATHS = (
					"$(inherited)",
					"@executable_path/Frameworks",
					"@executable_path/../../Frameworks",
				);
				PRODUCT_BUNDLE_IDENTIFIER = com.joshuacook.TelemetryRecorder.watchkitapp.watchkitextension;
				PRODUCT_NAME = "${TARGET_NAME}";
				SDKROOT = watchos;
				SKIP_INSTALL = YES;
				SWIFT_VERSION = 5.0;
				TARGETED_DEVICE_FAMILY = 4;
				WATCHOS_DEPLOYMENT_TARGET = 6.2;
			};
			name = Release;
		};
		8483941F251F64CA0063125D /* Debug */ = {
			isa = XCBuildConfiguration;
			buildSettings = {
				ALWAYS_EMBED_SWIFT_STANDARD_LIBRARIES = YES;
				ASSETCATALOG_COMPILER_APPICON_NAME = AppIcon;
				ASSETCATALOG_COMPILER_GLOBAL_ACCENT_COLOR_NAME = AccentColor;
				CODE_SIGN_STYLE = Automatic;
				DEVELOPMENT_TEAM = CRMHYJ9F9F;
				IBSC_MODULE = TelemetryRecorderWatch_Extension;
				INFOPLIST_FILE = TelemetryRecorderWatch/Info.plist;
				PRODUCT_BUNDLE_IDENTIFIER = com.joshuacook.TelemetryRecorder.watchkitapp;
				PRODUCT_NAME = "$(TARGET_NAME)";
				SDKROOT = watchos;
				SKIP_INSTALL = YES;
				SWIFT_VERSION = 5.0;
				TARGETED_DEVICE_FAMILY = 4;
				WATCHOS_DEPLOYMENT_TARGET = 7.0;
			};
			name = Debug;
		};
		84839420251F64CA0063125D /* Release */ = {
			isa = XCBuildConfiguration;
			buildSettings = {
				ALWAYS_EMBED_SWIFT_STANDARD_LIBRARIES = YES;
				ASSETCATALOG_COMPILER_APPICON_NAME = AppIcon;
				ASSETCATALOG_COMPILER_GLOBAL_ACCENT_COLOR_NAME = AccentColor;
				CODE_SIGN_STYLE = Automatic;
				DEVELOPMENT_TEAM = CRMHYJ9F9F;
				IBSC_MODULE = TelemetryRecorderWatch_Extension;
				INFOPLIST_FILE = TelemetryRecorderWatch/Info.plist;
				PRODUCT_BUNDLE_IDENTIFIER = com.joshuacook.TelemetryRecorder.watchkitapp;
				PRODUCT_NAME = "$(TARGET_NAME)";
				SDKROOT = watchos;
				SKIP_INSTALL = YES;
				SWIFT_VERSION = 5.0;
				TARGETED_DEVICE_FAMILY = 4;
				WATCHOS_DEPLOYMENT_TARGET = 7.0;
			};
			name = Release;
		};
/* End XCBuildConfiguration section */

/* Begin XCConfigurationList section */
		848393D1251F60110063125D /* Build configuration list for PBXProject "TelemetryRecorder" */ = {
			isa = XCConfigurationList;
			buildConfigurations = (
				848393E8251F60120063125D /* Debug */,
				848393E9251F60120063125D /* Release */,
			);
			defaultConfigurationIsVisible = 0;
			defaultConfigurationName = Release;
		};
		848393EA251F60120063125D /* Build configuration list for PBXNativeTarget "TelemetryRecorder" */ = {
			isa = XCConfigurationList;
			buildConfigurations = (
				848393EB251F60120063125D /* Debug */,
				848393EC251F60120063125D /* Release */,
			);
			defaultConfigurationIsVisible = 0;
			defaultConfigurationName = Release;
		};
		8483941A251F64CA0063125D /* Build configuration list for PBXNativeTarget "TelemetryRecorderWatch Extension" */ = {
			isa = XCConfigurationList;
			buildConfigurations = (
				8483941B251F64CA0063125D /* Debug */,
				8483941C251F64CA0063125D /* Release */,
			);
			defaultConfigurationIsVisible = 0;
			defaultConfigurationName = Release;
		};
		8483941E251F64CA0063125D /* Build configuration list for PBXNativeTarget "TelemetryRecorderWatch" */ = {
			isa = XCConfigurationList;
			buildConfigurations = (
				8483941F251F64CA0063125D /* Debug */,
				84839420251F64CA0063125D /* Release */,
			);
			defaultConfigurationIsVisible = 0;
			defaultConfigurationName = Release;
		};
/* End XCConfigurationList section */
	};
	rootObject = 848393CE251F60110063125D /* Project object */;
}
